
Microsoft Visual Studio Solution File, Format Version 12.00
# Visual Studio Version 17
VisualStudioVersion = 17.0.31919.166
MinimumVisualStudioVersion = 10.0.40219.1
Project("{FAE04EC0-301F-11D3-BF4B-00C04F79EFBC}") = "SimpleFahrtenbuch", "SimpleFahrtenbuch\SimpleFahrtenbuch.csproj", "{92D757A5-C8AA-40C9-8AE7-550D864E78B1}"
EndProject
Global
	GlobalSection(SolutionConfigurationPlatforms) = preSolution
		Debug|Any CPU = Debug|Any CPU
		Release|Any CPU = Release|Any CPU
	EndGlobalSection
	GlobalSection(ProjectConfigurationPlatforms) = postSolution
		{92D757A5-C8AA-40C9-8AE7-550D864E78B1}.Debug|Any CPU.ActiveCfg = Debug|Any CPU
		{92D757A5-C8AA-40C9-8AE7-550D864E78B1}.Debug|Any CPU.Build.0 = Debug|Any CPU
		{92D757A5-C8AA-40C9-8AE7-550D864E78B1}.Release|Any CPU.ActiveCfg = Release|Any CPU
		{92D757A5-C8AA-40C9-8AE7-550D864E78B1}.Release|Any CPU.Build.0 = Release|Any CPU
	EndGlobalSection
	GlobalSection(SolutionProperties) = preSolution
		HideSolutionNode = FALSE
	EndGlobalSection
	GlobalSection(ExtensibilityGlobals) = postSolution
		SolutionGuid = {4CFF106A-D7B6-46A9-AC8F-06D2DF428BDA}
	EndGlobalSection
EndGlobal
